
Microsoft Visual Studio Solution File, Format Version 12.00
# Visual Studio Version 17
VisualStudioVersion = 17.0.32002.185
MinimumVisualStudioVersion = 10.0.40219.1
Project("{8BC9CEB8-8B4A-11D0-8D11-00A0C91BC942}") = "FlappyBurd", "FlappyBurd.vcxproj", "{6E317F89-4BE0-455B-A3B1-4F977430504B}"
EndProject
Global
	GlobalSection(SolutionConfigurationPlatforms) = preSolution
		Debug|x64 = Debug|x64
		Release|x64 = Release|x64
	EndGlobalSection
	GlobalSection(ProjectConfigurationPlatforms) = postSolution
		{6E317F89-4BE0-455B-A3B1-4F977430504B}.Debug|x64.ActiveCfg = Debug|x64
		{6E317F89-4BE0-455B-A3B1-4F977430504B}.Debug|x64.Build.0 = Debug|x64
		{6E317F89-4BE0-455B-A3B1-4F977430504B}.Release|x64.ActiveCfg = Release|x64
		{6E317F89-4BE0-455B-A3B1-4F977430504B}.Release|x64.Build.0 = Release|x64
	EndGlobalSection
	GlobalSection(SolutionProperties) = preSolution
		HideSolutionNode = FALSE
	EndGlobalSection
	GlobalSection(ExtensibilityGlobals) = postSolution
		SolutionGuid = {78C87565-93C8-4302-B969-43102AE21A90}
	EndGlobalSection
EndGlobal
